
Microsoft Visual Studio Solution File, Format Version 12.00
# Visual Studio Version 17
VisualStudioVersion = 17.1.32407.343
MinimumVisualStudioVersion = 10.0.40219.1
Project("{FAE04EC0-301F-11D3-BF4B-00C04F79EFBC}") = "IOTDevices", "IOTDevices\IOTDevices.csproj", "{B9065DB1-A381-4C18-A681-5C768BD2B53B}"
EndProject
Global
	GlobalSection(SolutionConfigurationPlatforms) = preSolution
		Debug|Any CPU = Debug|Any CPU
		Release|Any CPU = Release|Any CPU
	EndGlobalSection
	GlobalSection(ProjectConfigurationPlatforms) = postSolution
		{B9065DB1-A381-4C18-A681-5C768BD2B53B}.Debug|Any CPU.ActiveCfg = Debug|Any CPU
		{B9065DB1-A381-4C18-A681-5C768BD2B53B}.Debug|Any CPU.Build.0 = Debug|Any CPU
		{B9065DB1-A381-4C18-A681-5C768BD2B53B}.Release|Any CPU.ActiveCfg = Release|Any CPU
		{B9065DB1-A381-4C18-A681-5C768BD2B53B}.Release|Any CPU.Build.0 = Release|Any CPU
	EndGlobalSection
	GlobalSection(SolutionProperties) = preSolution
		HideSolutionNode = FALSE
	EndGlobalSection
	GlobalSection(ExtensibilityGlobals) = postSolution
		SolutionGuid = {9B63BD1F-B7E4-4032-AE76-AD5E6BDED3D4}
	EndGlobalSection
EndGlobal
