
Microsoft Visual Studio Solution File, Format Version 12.00
# Visual Studio Version 17
VisualStudioVersion = 17.0.32112.339
MinimumVisualStudioVersion = 10.0.40219.1
Project("{9A19103F-16F7-4668-BE54-9A1E7A4F7556}") = "OmniVusWebApp", "OmniVusWebApp\OmniVusWebApp.csproj", "{15D9E4A3-B5C6-4984-B767-6AC8FF9DF386}"
EndProject
Project("{FAE04EC0-301F-11D3-BF4B-00C04F79EFBC}") = "01_Forms", "01_Forms\01_Forms.csproj", "{7DCFFA3A-7DFF-4695-A0FC-C2024E1D7226}"
EndProject
Global
	GlobalSection(SolutionConfigurationPlatforms) = preSolution
		Debug|Any CPU = Debug|Any CPU
		Release|Any CPU = Release|Any CPU
	EndGlobalSection
	GlobalSection(ProjectConfigurationPlatforms) = postSolution
		{15D9E4A3-B5C6-4984-B767-6AC8FF9DF386}.Debug|Any CPU.ActiveCfg = Debug|Any CPU
		{15D9E4A3-B5C6-4984-B767-6AC8FF9DF386}.Debug|Any CPU.Build.0 = Debug|Any CPU
		{15D9E4A3-B5C6-4984-B767-6AC8FF9DF386}.Release|Any CPU.ActiveCfg = Release|Any CPU
		{15D9E4A3-B5C6-4984-B767-6AC8FF9DF386}.Release|Any CPU.Build.0 = Release|Any CPU
		{7DCFFA3A-7DFF-4695-A0FC-C2024E1D7226}.Debug|Any CPU.ActiveCfg = Debug|Any CPU
		{7DCFFA3A-7DFF-4695-A0FC-C2024E1D7226}.Debug|Any CPU.Build.0 = Debug|Any CPU
		{7DCFFA3A-7DFF-4695-A0FC-C2024E1D7226}.Release|Any CPU.ActiveCfg = Release|Any CPU
		{7DCFFA3A-7DFF-4695-A0FC-C2024E1D7226}.Release|Any CPU.Build.0 = Release|Any CPU
	EndGlobalSection
	GlobalSection(SolutionProperties) = preSolution
		HideSolutionNode = FALSE
	EndGlobalSection
	GlobalSection(ExtensibilityGlobals) = postSolution
		SolutionGuid = {EA3BDEC2-1068-4485-8B49-4F525D6B61A7}
	EndGlobalSection
EndGlobal
